
Microsoft Visual Studio Solution File, Format Version 12.00
# Visual Studio Version 18
VisualStudioVersion = 18.3.11527.330
MinimumVisualStudioVersion = 10.0.40219.1
Project("{FAE04EC0-301F-11D3-BF4B-00C04F79EFBC}") = "Практическая_работа_4_Ульяненко_Гуцалюк", "Практическая_работа_4_Ульяненко_Гуцалюк\Практическая_работа_4_Ульяненко_Гуцалюк.csproj", "{666FC9FB-E8DD-48B5-A824-CD54A9497DB2}"
EndProject
Project("{FAE04EC0-301F-11D3-BF4B-00C04F79EFBC}") = "UnitTestProject2", "UnitTestProject2\UnitTestProject2.csproj", "{90B5A839-F6FA-4742-BB44-8C0D0512D801}"
EndProject
Global
	GlobalSection(SolutionConfigurationPlatforms) = preSolution
		Debug|Any CPU = Debug|Any CPU
		Release|Any CPU = Release|Any CPU
	EndGlobalSection
	GlobalSection(ProjectConfigurationPlatforms) = postSolution
		{666FC9FB-E8DD-48B5-A824-CD54A9497DB2}.Debug|Any CPU.ActiveCfg = Debug|Any CPU
		{666FC9FB-E8DD-48B5-A824-CD54A9497DB2}.Debug|Any CPU.Build.0 = Debug|Any CPU
		{666FC9FB-E8DD-48B5-A824-CD54A9497DB2}.Release|Any CPU.ActiveCfg = Release|Any CPU
		{666FC9FB-E8DD-48B5-A824-CD54A9497DB2}.Release|Any CPU.Build.0 = Release|Any CPU
		{90B5A839-F6FA-4742-BB44-8C0D0512D801}.Debug|Any CPU.ActiveCfg = Debug|Any CPU
		{90B5A839-F6FA-4742-BB44-8C0D0512D801}.Debug|Any CPU.Build.0 = Debug|Any CPU
		{90B5A839-F6FA-4742-BB44-8C0D0512D801}.Release|Any CPU.ActiveCfg = Release|Any CPU
		{90B5A839-F6FA-4742-BB44-8C0D0512D801}.Release|Any CPU.Build.0 = Release|Any CPU
	EndGlobalSection
	GlobalSection(SolutionProperties) = preSolution
		HideSolutionNode = FALSE
	EndGlobalSection
	GlobalSection(ExtensibilityGlobals) = postSolution
		SolutionGuid = {E7CB8457-3D9B-4525-9638-8E5FF9A76B5B}
	EndGlobalSection
EndGlobal
